
Microsoft Visual Studio Solution File, Format Version 12.00
# Visual Studio 2012
Project("{FAE04EC0-301F-11D3-BF4B-00C04F79EFBC}") = "LeetConverter", "LeetConverter\LeetConverter.csproj", "{54F2E9B9-40E8-4AFD-B7A6-C497FA90E1D2}"
EndProject
Global
	GlobalSection(SolutionConfigurationPlatforms) = preSolution
		Debug|Any CPU = Debug|Any CPU
		Release|Any CPU = Release|Any CPU
	EndGlobalSection
	GlobalSection(ProjectConfigurationPlatforms) = postSolution
		{54F2E9B9-40E8-4AFD-B7A6-C497FA90E1D2}.Debug|Any CPU.ActiveCfg = Debug|Any CPU
		{54F2E9B9-40E8-4AFD-B7A6-C497FA90E1D2}.Debug|Any CPU.Build.0 = Debug|Any CPU
		{54F2E9B9-40E8-4AFD-B7A6-C497FA90E1D2}.Release|Any CPU.ActiveCfg = Release|Any CPU
		{54F2E9B9-40E8-4AFD-B7A6-C497FA90E1D2}.Release|Any CPU.Build.0 = Release|Any CPU
	EndGlobalSection
	GlobalSection(SolutionProperties) = preSolution
		HideSolutionNode = FALSE
	EndGlobalSection
EndGlobal
